
Microsoft Visual Studio Solution File, Format Version 12.00
# Visual Studio Version 17
VisualStudioVersion = 17.5.33424.131
MinimumVisualStudioVersion = 10.0.40219.1
Project("{FAE04EC0-301F-11D3-BF4B-00C04F79EFBC}") = "Bank", "Bank\Bank.csproj", "{C81991F3-9836-4E1F-956E-59123413FEBB}"
EndProject
Project("{FAE04EC0-301F-11D3-BF4B-00C04F79EFBC}") = "BankTests", "BankTests\BankTests.csproj", "{91F756B1-DFE6-423E-85E3-A79BA5500180}"
EndProject
Global
	GlobalSection(SolutionConfigurationPlatforms) = preSolution
		Debug|Any CPU = Debug|Any CPU
		Release|Any CPU = Release|Any CPU
	EndGlobalSection
	GlobalSection(ProjectConfigurationPlatforms) = postSolution
		{C81991F3-9836-4E1F-956E-59123413FEBB}.Debug|Any CPU.ActiveCfg = Debug|Any CPU
		{C81991F3-9836-4E1F-956E-59123413FEBB}.Debug|Any CPU.Build.0 = Debug|Any CPU
		{C81991F3-9836-4E1F-956E-59123413FEBB}.Release|Any CPU.ActiveCfg = Release|Any CPU
		{C81991F3-9836-4E1F-956E-59123413FEBB}.Release|Any CPU.Build.0 = Release|Any CPU
		{91F756B1-DFE6-423E-85E3-A79BA5500180}.Debug|Any CPU.ActiveCfg = Debug|Any CPU
		{91F756B1-DFE6-423E-85E3-A79BA5500180}.Debug|Any CPU.Build.0 = Debug|Any CPU
		{91F756B1-DFE6-423E-85E3-A79BA5500180}.Release|Any CPU.ActiveCfg = Release|Any CPU
		{91F756B1-DFE6-423E-85E3-A79BA5500180}.Release|Any CPU.Build.0 = Release|Any CPU
	EndGlobalSection
	GlobalSection(SolutionProperties) = preSolution
		HideSolutionNode = FALSE
	EndGlobalSection
	GlobalSection(ExtensibilityGlobals) = postSolution
		SolutionGuid = {5ED00089-A0C0-42ED-BEEC-7747A6ACC261}
	EndGlobalSection
EndGlobal
